
Microsoft Visual Studio Solution File, Format Version 12.00
# Visual Studio 15
VisualStudioVersion = 15.0.28307.168
MinimumVisualStudioVersion = 10.0.40219.1
Project("{FAE04EC0-301F-11D3-BF4B-00C04F79EFBC}") = "DemoProject", "DemoProject\DemoProject.csproj", "{A361805C-7D93-4E24-B9CE-95785077AF29}"
EndProject
Global
	GlobalSection(SolutionConfigurationPlatforms) = preSolution
		Debug|Any CPU = Debug|Any CPU
		Release|Any CPU = Release|Any CPU
	EndGlobalSection
	GlobalSection(ProjectConfigurationPlatforms) = postSolution
		{A361805C-7D93-4E24-B9CE-95785077AF29}.Debug|Any CPU.ActiveCfg = Debug|Any CPU
		{A361805C-7D93-4E24-B9CE-95785077AF29}.Debug|Any CPU.Build.0 = Debug|Any CPU
		{A361805C-7D93-4E24-B9CE-95785077AF29}.Release|Any CPU.ActiveCfg = Release|Any CPU
		{A361805C-7D93-4E24-B9CE-95785077AF29}.Release|Any CPU.Build.0 = Release|Any CPU
	EndGlobalSection
	GlobalSection(SolutionProperties) = preSolution
		HideSolutionNode = FALSE
	EndGlobalSection
	GlobalSection(ExtensibilityGlobals) = postSolution
		SolutionGuid = {C925C5D1-0686-44E3-834A-B908E41F9751}
	EndGlobalSection
EndGlobal
